
Microsoft Visual Studio Solution File, Format Version 12.00
# Visual Studio Version 17
VisualStudioVersion = 17.9.34728.123
MinimumVisualStudioVersion = 10.0.40219.1
Project("{FAE04EC0-301F-11D3-BF4B-00C04F79EFBC}") = "BloodUnity", "BloodUnity\BloodUnity.csproj", "{BFBCD06E-1ACB-4458-BC37-6F4A78889F1F}"
EndProject
Global
	GlobalSection(SolutionConfigurationPlatforms) = preSolution
		Debug|Any CPU = Debug|Any CPU
		Release|Any CPU = Release|Any CPU
	EndGlobalSection
	GlobalSection(ProjectConfigurationPlatforms) = postSolution
		{BFBCD06E-1ACB-4458-BC37-6F4A78889F1F}.Debug|Any CPU.ActiveCfg = Debug|Any CPU
		{BFBCD06E-1ACB-4458-BC37-6F4A78889F1F}.Debug|Any CPU.Build.0 = Debug|Any CPU
		{BFBCD06E-1ACB-4458-BC37-6F4A78889F1F}.Release|Any CPU.ActiveCfg = Release|Any CPU
		{BFBCD06E-1ACB-4458-BC37-6F4A78889F1F}.Release|Any CPU.Build.0 = Release|Any CPU
	EndGlobalSection
	GlobalSection(SolutionProperties) = preSolution
		HideSolutionNode = FALSE
	EndGlobalSection
	GlobalSection(ExtensibilityGlobals) = postSolution
		SolutionGuid = {3FDC4832-3D63-4D7C-BC98-5BF4EA7E1D5D}
	EndGlobalSection
EndGlobal
